<?xml version="1.0" encoding="utf-8"?>
<Project ToolsVersion="4.0" xmlns="http://schemas.microsoft.com/developer/msbuild/2003">
  <ItemGroup>
    <Filter Include="Source Files">
      <UniqueIdentifier>{4FC737F1-C7A5-4376-A066-2A32D752A2FF}</UniqueIdentifier>
      <Extensions>cpp;c;cc;cxx;def;odl;idl;hpj;bat;asm;asmx</Extensions>
    </Filter>
    <Filter Include="Header Files">
      <UniqueIdentifier>{93995380-89BD-4b04-88EB-625FBE52EBFB}</UniqueIdentifier>
      <Extensions>h;hpp;hxx;hm;inl;inc;xsd</Extensions>
    </Filter>
    <Filter Include="Resource Files">
      <UniqueIdentifier>{67DA6AB6-F800-4c08-8B7A-83BB121AAD01}</UniqueIdentifier>
      <Extensions>rc;ico;cur;bmp;dlg;rc2;rct;bin;rgs;gif;jpg;jpeg;jpe;resx;tiff;tif;png;wav</Extensions>
    </Filter>
  </ItemGroup>
  <ItemGroup>
    <ClCompile Include="main.cpp">
      <Filter>Source Files</Filter>
    </ClCompile>
    <ClCompile Include="VolumeSine.cpp">
      <Filter>Source Files</Filter>
    </ClCompile>
    <ClCompile Include="stk\src\ADSR.cpp">
      <Filter>Source Files</Filter>
    </ClCompile>
    <ClCompile Include="stk\src\Asymp.cpp">
      <Filter>Source Files</Filter>
    </ClCompile>
    <ClCompile Include="stk\src\BandedWG.cpp">
      <Filter>Source Files</Filter>
    </ClCompile>
    <ClCompile Include="stk\src\BeeThree.cpp">
      <Filter>Source Files</Filter>
    </ClCompile>
    <ClCompile Include="stk\src\BiQuad.cpp">
      <Filter>Source Files</Filter>
    </ClCompile>
    <ClCompile Include="stk\src\Blit.cpp">
      <Filter>Source Files</Filter>
    </ClCompile>
    <ClCompile Include="stk\src\BlitSaw.cpp">
      <Filter>Source Files</Filter>
    </ClCompile>
    <ClCompile Include="stk\src\BlitSquare.cpp">
      <Filter>Source Files</Filter>
    </ClCompile>
    <ClCompile Include="stk\src\BlowBotl.cpp">
      <Filter>Source Files</Filter>
    </ClCompile>
    <ClCompile Include="stk\src\BlowHole.cpp">
      <Filter>Source Files</Filter>
    </ClCompile>
    <ClCompile Include="stk\src\Bowed.cpp">
      <Filter>Source Files</Filter>
    </ClCompile>
    <ClCompile Include="stk\src\Brass.cpp">
      <Filter>Source Files</Filter>
    </ClCompile>
    <ClCompile Include="stk\src\Chorus.cpp">
      <Filter>Source Files</Filter>
    </ClCompile>
    <ClCompile Include="stk\src\Clarinet.cpp">
      <Filter>Source Files</Filter>
    </ClCompile>
    <ClCompile Include="stk\src\Delay.cpp">
      <Filter>Source Files</Filter>
    </ClCompile>
    <ClCompile Include="stk\src\DelayA.cpp">
      <Filter>Source Files</Filter>
    </ClCompile>
    <ClCompile Include="stk\src\DelayL.cpp">
      <Filter>Source Files</Filter>
    </ClCompile>
    <ClCompile Include="stk\src\Drummer.cpp">
      <Filter>Source Files</Filter>
    </ClCompile>
    <ClCompile Include="stk\src\Echo.cpp">
      <Filter>Source Files</Filter>
    </ClCompile>
    <ClCompile Include="stk\src\Envelope.cpp">
      <Filter>Source Files</Filter>
    </ClCompile>
    <ClCompile Include="stk\src\FileLoop.cpp">
      <Filter>Source Files</Filter>
    </ClCompile>
    <ClCompile Include="stk\src\FileRead.cpp">
      <Filter>Source Files</Filter>
    </ClCompile>
    <ClCompile Include="stk\src\FileWrite.cpp">
      <Filter>Source Files</Filter>
    </ClCompile>
    <ClCompile Include="stk\src\FileWvIn.cpp">
      <Filter>Source Files</Filter>
    </ClCompile>
    <ClCompile Include="stk\src\FileWvOut.cpp">
      <Filter>Source Files</Filter>
    </ClCompile>
    <ClCompile Include="stk\src\Fir.cpp">
      <Filter>Source Files</Filter>
    </ClCompile>
    <ClCompile Include="stk\src\Flute.cpp">
      <Filter>Source Files</Filter>
    </ClCompile>
    <ClCompile Include="stk\src\FM.cpp">
      <Filter>Source Files</Filter>
    </ClCompile>
    <ClCompile Include="stk\src\FMVoices.cpp">
      <Filter>Source Files</Filter>
    </ClCompile>
    <ClCompile Include="stk\src\FormSwep.cpp">
      <Filter>Source Files</Filter>
    </ClCompile>
    <ClCompile Include="stk\src\FreeVerb.cpp">
      <Filter>Source Files</Filter>
    </ClCompile>
    <ClCompile Include="stk\src\Granulate.cpp">
      <Filter>Source Files</Filter>
    </ClCompile>
    <ClCompile Include="stk\src\Guitar.cpp">
      <Filter>Source Files</Filter>
    </ClCompile>
    <ClCompile Include="stk\src\HevyMetl.cpp">
      <Filter>Source Files</Filter>
    </ClCompile>
    <ClCompile Include="stk\src\Iir.cpp">
      <Filter>Source Files</Filter>
    </ClCompile>
    <ClCompile Include="stk\src\InetWvIn.cpp">
      <Filter>Source Files</Filter>
    </ClCompile>
    <ClCompile Include="stk\src\InetWvOut.cpp">
      <Filter>Source Files</Filter>
    </ClCompile>
    <ClCompile Include="stk\src\JCRev.cpp">
      <Filter>Source Files</Filter>
    </ClCompile>
    <ClCompile Include="stk\src\LentPitShift.cpp">
      <Filter>Source Files</Filter>
    </ClCompile>
    <ClCompile Include="stk\src\Mandolin.cpp">
      <Filter>Source Files</Filter>
    </ClCompile>
    <ClCompile Include="stk\src\Mesh2D.cpp">
      <Filter>Source Files</Filter>
    </ClCompile>
    <ClCompile Include="stk\src\Messager.cpp">
      <Filter>Source Files</Filter>
    </ClCompile>
    <ClCompile Include="stk\src\MidiFileIn.cpp">
      <Filter>Source Files</Filter>
    </ClCompile>
    <ClCompile Include="stk\src\Modal.cpp">
      <Filter>Source Files</Filter>
    </ClCompile>
    <ClCompile Include="stk\src\ModalBar.cpp">
      <Filter>Source Files</Filter>
    </ClCompile>
    <ClCompile Include="stk\src\Modulate.cpp">
      <Filter>Source Files</Filter>
    </ClCompile>
    <ClCompile Include="stk\src\Moog.cpp">
      <Filter>Source Files</Filter>
    </ClCompile>
    <ClCompile Include="stk\src\Mutex.cpp">
      <Filter>Source Files</Filter>
    </ClCompile>
    <ClCompile Include="stk\src\Noise.cpp">
      <Filter>Source Files</Filter>
    </ClCompile>
    <ClCompile Include="stk\src\NRev.cpp">
      <Filter>Source Files</Filter>
    </ClCompile>
    <ClCompile Include="stk\src\OnePole.cpp">
      <Filter>Source Files</Filter>
    </ClCompile>
    <ClCompile Include="stk\src\OneZero.cpp">
      <Filter>Source Files</Filter>
    </ClCompile>
    <ClCompile Include="stk\src\PercFlut.cpp">
      <Filter>Source Files</Filter>
    </ClCompile>
    <ClCompile Include="stk\src\Phonemes.cpp">
      <Filter>Source Files</Filter>
    </ClCompile>
    <ClCompile Include="stk\src\PitShift.cpp">
      <Filter>Source Files</Filter>
    </ClCompile>
    <ClCompile Include="stk\src\Plucked.cpp">
      <Filter>Source Files</Filter>
    </ClCompile>
    <ClCompile Include="stk\src\PoleZero.cpp">
      <Filter>Source Files</Filter>
    </ClCompile>
    <ClCompile Include="stk\src\PRCRev.cpp">
      <Filter>Source Files</Filter>
    </ClCompile>
    <ClCompile Include="stk\src\Resonate.cpp">
      <Filter>Source Files</Filter>
    </ClCompile>
    <ClCompile Include="stk\src\Rhodey.cpp">
      <Filter>Source Files</Filter>
    </ClCompile>
    <ClCompile Include="stk\src\RtAudio.cpp">
      <Filter>Source Files</Filter>
    </ClCompile>
    <ClCompile Include="stk\src\RtMidi.cpp">
      <Filter>Source Files</Filter>
    </ClCompile>
    <ClCompile Include="stk\src\RtWvIn.cpp">
      <Filter>Source Files</Filter>
    </ClCompile>
    <ClCompile Include="stk\src\RtWvOut.cpp">
      <Filter>Source Files</Filter>
    </ClCompile>
    <ClCompile Include="stk\src\Sampler.cpp">
      <Filter>Source Files</Filter>
    </ClCompile>
    <ClCompile Include="stk\src\Saxofony.cpp">
      <Filter>Source Files</Filter>
    </ClCompile>
    <ClCompile Include="stk\src\Shakers.cpp">
      <Filter>Source Files</Filter>
    </ClCompile>
    <ClCompile Include="stk\src\Simple.cpp">
      <Filter>Source Files</Filter>
    </ClCompile>
    <ClCompile Include="stk\src\SineWave.cpp">
      <Filter>Source Files</Filter>
    </ClCompile>
    <ClCompile Include="stk\src\SingWave.cpp">
      <Filter>Source Files</Filter>
    </ClCompile>
    <ClCompile Include="stk\src\Sitar.cpp">
      <Filter>Source Files</Filter>
    </ClCompile>
    <ClCompile Include="stk\src\Skini.cpp">
      <Filter>Source Files</Filter>
    </ClCompile>
    <ClCompile Include="stk\src\Socket.cpp">
      <Filter>Source Files</Filter>
    </ClCompile>
    <ClCompile Include="stk\src\Sphere.cpp">
      <Filter>Source Files</Filter>
    </ClCompile>
    <ClCompile Include="stk\src\StifKarp.cpp">
      <Filter>Source Files</Filter>
    </ClCompile>
    <ClCompile Include="stk\src\Stk.cpp">
      <Filter>Source Files</Filter>
    </ClCompile>
    <ClCompile Include="stk\src\TapDelay.cpp">
      <Filter>Source Files</Filter>
    </ClCompile>
    <ClCompile Include="stk\src\TcpClient.cpp">
      <Filter>Source Files</Filter>
    </ClCompile>
    <ClCompile Include="stk\src\TcpServer.cpp">
      <Filter>Source Files</Filter>
    </ClCompile>
    <ClCompile Include="stk\src\Thread.cpp">
      <Filter>Source Files</Filter>
    </ClCompile>
    <ClCompile Include="stk\src\TubeBell.cpp">
      <Filter>Source Files</Filter>
    </ClCompile>
    <ClCompile Include="stk\src\Twang.cpp">
      <Filter>Source Files</Filter>
    </ClCompile>
    <ClCompile Include="stk\src\TwoPole.cpp">
      <Filter>Source Files</Filter>
    </ClCompile>
    <ClCompile Include="stk\src\TwoZero.cpp">
      <Filter>Source Files</Filter>
    </ClCompile>
    <ClCompile Include="stk\src\UdpSocket.cpp">
      <Filter>Source Files</Filter>
    </ClCompile>
    <ClCompile Include="stk\src\Voicer.cpp">
      <Filter>Source Files</Filter>
    </ClCompile>
    <ClCompile Include="stk\src\VoicForm.cpp">
      <Filter>Source Files</Filter>
    </ClCompile>
    <ClCompile Include="stk\src\Whistle.cpp">
      <Filter>Source Files</Filter>
    </ClCompile>
    <ClCompile Include="stk\src\Wurley.cpp">
      <Filter>Source Files</Filter>
    </ClCompile>
  </ItemGroup>
  <ItemGroup>
    <ClInclude Include="VolumeSine.h">
      <Filter>Header Files</Filter>
    </ClInclude>
  </ItemGroup>
  <ItemGroup>
    <None Include="stk\src\Makefile.in">
      <Filter>Source Files</Filter>
    </None>
  </ItemGroup>
</Project>