// !$*UTF8*$!
{
	archiveVersion = 1;
	classes = {
	};
	objectVersion = 46;
	objects = {

/* Begin PBXBuildFile section */
		D11E08931788B013002B348A /* liballegro_main.5.0.10.dylib in Frameworks */ = {isa = PBXBuildFile; fileRef = D11E08921788B013002B348A /* liballegro_main.5.0.10.dylib */; };
		D11E08951788B0AB002B348A /* liballegro.5.0.10.dylib in Frameworks */ = {isa = PBXBuildFile; fileRef = D11E08941788B0AB002B348A /* liballegro.5.0.10.dylib */; };
		D11E08971788B8C9002B348A /* liballegro_font.5.0.10.dylib in Frameworks */ = {isa = PBXBuildFile; fileRef = D11E08961788B8C9002B348A /* liballegro_font.5.0.10.dylib */; };
		D11E08991788BCE6002B348A /* liballegro_ttf.5.0.10.dylib in Frameworks */ = {isa = PBXBuildFile; fileRef = D11E08981788BCE6002B348A /* liballegro_ttf.5.0.10.dylib */; };
		D11E089D1788BFF3002B348A /* liballegro_audio.5.0.10.dylib in Frameworks */ = {isa = PBXBuildFile; fileRef = D11E089C1788BFF3002B348A /* liballegro_audio.5.0.10.dylib */; };
		D11E089F1788C02A002B348A /* liballegro_primitives.5.0.10.dylib in Frameworks */ = {isa = PBXBuildFile; fileRef = D11E089E1788C02A002B348A /* liballegro_primitives.5.0.10.dylib */; };
		D11E08A91788CFC3002B348A /* CoreAudio.framework in Frameworks */ = {isa = PBXBuildFile; fileRef = D11E08A81788CFC3002B348A /* CoreAudio.framework */; };
		D11E08AB1788D08C002B348A /* CoreFoundation.framework in Frameworks */ = {isa = PBXBuildFile; fileRef = D11E08AA1788D08C002B348A /* CoreFoundation.framework */; };
		D11E0AD61788D59E002B348A /* libstk.a in Frameworks */ = {isa = PBXBuildFile; fileRef = D11E08A51788CD8E002B348A /* libstk.a */; };
		D1A29595180C649A00E84E5E /* CustomSampler.cpp in Sources */ = {isa = PBXBuildFile; fileRef = D1A2958A180C649A00E84E5E /* CustomSampler.cpp */; };
		D1A29596180C649A00E84E5E /* FileWave.cpp in Sources */ = {isa = PBXBuildFile; fileRef = D1A2958C180C649A00E84E5E /* FileWave.cpp */; };
		D1A29597180C649A00E84E5E /* main.cpp in Sources */ = {isa = PBXBuildFile; fileRef = D1A2958E180C649A00E84E5E /* main.cpp */; };
		D1A29598180C649A00E84E5E /* Overdrive.cpp in Sources */ = {isa = PBXBuildFile; fileRef = D1A2958F180C649A00E84E5E /* Overdrive.cpp */; };
		D1A29599180C649A00E84E5E /* SampleInstrument.cpp in Sources */ = {isa = PBXBuildFile; fileRef = D1A29591180C649A00E84E5E /* SampleInstrument.cpp */; };
		D1A2959A180C649A00E84E5E /* VolumeSine.cpp in Sources */ = {isa = PBXBuildFile; fileRef = D1A29593180C649A00E84E5E /* VolumeSine.cpp */; };
		D1A2959C180C68A800E84E5E /* OpenGL.framework in Frameworks */ = {isa = PBXBuildFile; fileRef = D1A2959B180C68A800E84E5E /* OpenGL.framework */; };
/* End PBXBuildFile section */

/* Begin PBXCopyFilesBuildPhase section */
		D11E087F178859CF002B348A /* CopyFiles */ = {
			isa = PBXCopyFilesBuildPhase;
			buildActionMask = 2147483647;
			dstPath = /usr/share/man/man1/;
			dstSubfolderSpec = 0;
			files = (
			);
			runOnlyForDeploymentPostprocessing = 1;
		};
/* End PBXCopyFilesBuildPhase section */

/* Begin PBXFileReference section */
		D11E0881178859CF002B348A /* steeringwheel */ = {isa = PBXFileReference; explicitFileType = "compiled.mach-o.executable"; includeInIndex = 0; path = steeringwheel; sourceTree = BUILT_PRODUCTS_DIR; };
		D11E088F1788A3EF002B348A /* libhidapi.0.dylib */ = {isa = PBXFileReference; lastKnownFileType = "compiled.mach-o.dylib"; name = libhidapi.0.dylib; path = ../../../../../../../usr/local/lib/libhidapi.0.dylib; sourceTree = "<group>"; };
		D11E08921788B013002B348A /* liballegro_main.5.0.10.dylib */ = {isa = PBXFileReference; lastKnownFileType = "compiled.mach-o.dylib"; name = liballegro_main.5.0.10.dylib; path = ../../../../../../../usr/local/lib/liballegro_main.5.0.10.dylib; sourceTree = "<group>"; };
		D11E08941788B0AB002B348A /* liballegro.5.0.10.dylib */ = {isa = PBXFileReference; lastKnownFileType = "compiled.mach-o.dylib"; name = liballegro.5.0.10.dylib; path = ../../../../../../../usr/local/lib/liballegro.5.0.10.dylib; sourceTree = "<group>"; };
		D11E08961788B8C9002B348A /* liballegro_font.5.0.10.dylib */ = {isa = PBXFileReference; lastKnownFileType = "compiled.mach-o.dylib"; name = liballegro_font.5.0.10.dylib; path = ../../../../../../../usr/local/lib/liballegro_font.5.0.10.dylib; sourceTree = "<group>"; };
		D11E08981788BCE6002B348A /* liballegro_ttf.5.0.10.dylib */ = {isa = PBXFileReference; lastKnownFileType = "compiled.mach-o.dylib"; name = liballegro_ttf.5.0.10.dylib; path = ../../../../../../../usr/local/lib/liballegro_ttf.5.0.10.dylib; sourceTree = "<group>"; };
		D11E089C1788BFF3002B348A /* liballegro_audio.5.0.10.dylib */ = {isa = PBXFileReference; lastKnownFileType = "compiled.mach-o.dylib"; name = liballegro_audio.5.0.10.dylib; path = ../../../../../../../usr/local/lib/liballegro_audio.5.0.10.dylib; sourceTree = "<group>"; };
		D11E089E1788C02A002B348A /* liballegro_primitives.5.0.10.dylib */ = {isa = PBXFileReference; lastKnownFileType = "compiled.mach-o.dylib"; name = liballegro_primitives.5.0.10.dylib; path = ../../../../../../../usr/local/lib/liballegro_primitives.5.0.10.dylib; sourceTree = "<group>"; };
		D11E08A01788C084002B348A /* liballegro_dialog.5.0.10.dylib */ = {isa = PBXFileReference; lastKnownFileType = "compiled.mach-o.dylib"; name = liballegro_dialog.5.0.10.dylib; path = ../../../../../../../usr/local/lib/liballegro_dialog.5.0.10.dylib; sourceTree = "<group>"; };
		D11E08A51788CD8E002B348A /* libstk.a */ = {isa = PBXFileReference; lastKnownFileType = archive.ar; name = libstk.a; path = "../stk-4.4.4/src/libstk.a"; sourceTree = "<group>"; };
		D11E08A81788CFC3002B348A /* CoreAudio.framework */ = {isa = PBXFileReference; lastKnownFileType = wrapper.framework; name = CoreAudio.framework; path = System/Library/Frameworks/CoreAudio.framework; sourceTree = SDKROOT; };
		D11E08AA1788D08C002B348A /* CoreFoundation.framework */ = {isa = PBXFileReference; lastKnownFileType = wrapper.framework; name = CoreFoundation.framework; path = System/Library/Frameworks/CoreFoundation.framework; sourceTree = SDKROOT; };
		D1A2958A180C649A00E84E5E /* CustomSampler.cpp */ = {isa = PBXFileReference; fileEncoding = 4; lastKnownFileType = sourcecode.cpp.cpp; name = CustomSampler.cpp; path = src/CustomSampler.cpp; sourceTree = SOURCE_ROOT; };
		D1A2958B180C649A00E84E5E /* CustomSampler.h */ = {isa = PBXFileReference; fileEncoding = 4; lastKnownFileType = sourcecode.c.h; name = CustomSampler.h; path = src/CustomSampler.h; sourceTree = SOURCE_ROOT; };
		D1A2958C180C649A00E84E5E /* FileWave.cpp */ = {isa = PBXFileReference; fileEncoding = 4; lastKnownFileType = sourcecode.cpp.cpp; name = FileWave.cpp; path = src/FileWave.cpp; sourceTree = SOURCE_ROOT; };
		D1A2958D180C649A00E84E5E /* FileWave.h */ = {isa = PBXFileReference; fileEncoding = 4; lastKnownFileType = sourcecode.c.h; name = FileWave.h; path = src/FileWave.h; sourceTree = SOURCE_ROOT; };
		D1A2958E180C649A00E84E5E /* main.cpp */ = {isa = PBXFileReference; fileEncoding = 4; lastKnownFileType = sourcecode.cpp.cpp; name = main.cpp; path = src/main.cpp; sourceTree = SOURCE_ROOT; };
		D1A2958F180C649A00E84E5E /* Overdrive.cpp */ = {isa = PBXFileReference; fileEncoding = 4; lastKnownFileType = sourcecode.cpp.cpp; name = Overdrive.cpp; path = src/Overdrive.cpp; sourceTree = SOURCE_ROOT; };
		D1A29590180C649A00E84E5E /* Overdrive.h */ = {isa = PBXFileReference; fileEncoding = 4; lastKnownFileType = sourcecode.c.h; name = Overdrive.h; path = src/Overdrive.h; sourceTree = SOURCE_ROOT; };
		D1A29591180C649A00E84E5E /* SampleInstrument.cpp */ = {isa = PBXFileReference; fileEncoding = 4; lastKnownFileType = sourcecode.cpp.cpp; name = SampleInstrument.cpp; path = src/SampleInstrument.cpp; sourceTree = SOURCE_ROOT; };
		D1A29592180C649A00E84E5E /* SampleInstrument.h */ = {isa = PBXFileReference; fileEncoding = 4; lastKnownFileType = sourcecode.c.h; name = SampleInstrument.h; path = src/SampleInstrument.h; sourceTree = SOURCE_ROOT; };
		D1A29593180C649A00E84E5E /* VolumeSine.cpp */ = {isa = PBXFileReference; fileEncoding = 4; lastKnownFileType = sourcecode.cpp.cpp; name = VolumeSine.cpp; path = src/VolumeSine.cpp; sourceTree = SOURCE_ROOT; };
		D1A29594180C649A00E84E5E /* VolumeSine.h */ = {isa = PBXFileReference; fileEncoding = 4; lastKnownFileType = sourcecode.c.h; name = VolumeSine.h; path = src/VolumeSine.h; sourceTree = SOURCE_ROOT; };
		D1A2959B180C68A800E84E5E /* OpenGL.framework */ = {isa = PBXFileReference; lastKnownFileType = wrapper.framework; name = OpenGL.framework; path = System/Library/Frameworks/OpenGL.framework; sourceTree = SDKROOT; };
		D1A2959D180C74BC00E84E5E /* test.score */ = {isa = PBXFileReference; fileEncoding = 4; lastKnownFileType = text; name = test.score; path = src/test.score; sourceTree = SOURCE_ROOT; };
/* End PBXFileReference section */

/* Begin PBXFrameworksBuildPhase section */
		D11E087E178859CF002B348A /* Frameworks */ = {
			isa = PBXFrameworksBuildPhase;
			buildActionMask = 2147483647;
			files = (
				D1A2959C180C68A800E84E5E /* OpenGL.framework in Frameworks */,
				D11E0AD61788D59E002B348A /* libstk.a in Frameworks */,
				D11E08AB1788D08C002B348A /* CoreFoundation.framework in Frameworks */,
				D11E08A91788CFC3002B348A /* CoreAudio.framework in Frameworks */,
				D11E089F1788C02A002B348A /* liballegro_primitives.5.0.10.dylib in Frameworks */,
				D11E089D1788BFF3002B348A /* liballegro_audio.5.0.10.dylib in Frameworks */,
				D11E08991788BCE6002B348A /* liballegro_ttf.5.0.10.dylib in Frameworks */,
				D11E08971788B8C9002B348A /* liballegro_font.5.0.10.dylib in Frameworks */,
				D11E08951788B0AB002B348A /* liballegro.5.0.10.dylib in Frameworks */,
				D11E08931788B013002B348A /* liballegro_main.5.0.10.dylib in Frameworks */,
			);
			runOnlyForDeploymentPostprocessing = 0;
		};
/* End PBXFrameworksBuildPhase section */

/* Begin PBXGroup section */
		D11E0878178859CE002B348A = {
			isa = PBXGroup;
			children = (
				D1A2959B180C68A800E84E5E /* OpenGL.framework */,
				D11E08AA1788D08C002B348A /* CoreFoundation.framework */,
				D11E08A81788CFC3002B348A /* CoreAudio.framework */,
				D11E08A51788CD8E002B348A /* libstk.a */,
				D11E08A01788C084002B348A /* liballegro_dialog.5.0.10.dylib */,
				D11E089E1788C02A002B348A /* liballegro_primitives.5.0.10.dylib */,
				D11E089C1788BFF3002B348A /* liballegro_audio.5.0.10.dylib */,
				D11E08981788BCE6002B348A /* liballegro_ttf.5.0.10.dylib */,
				D11E08961788B8C9002B348A /* liballegro_font.5.0.10.dylib */,
				D11E08941788B0AB002B348A /* liballegro.5.0.10.dylib */,
				D11E08921788B013002B348A /* liballegro_main.5.0.10.dylib */,
				D11E088F1788A3EF002B348A /* libhidapi.0.dylib */,
				D11E0883178859CF002B348A /* src */,
				D11E0882178859CF002B348A /* Products */,
			);
			sourceTree = "<group>";
		};
		D11E0882178859CF002B348A /* Products */ = {
			isa = PBXGroup;
			children = (
				D11E0881178859CF002B348A /* steeringwheel */,
			);
			name = Products;
			sourceTree = "<group>";
		};
		D11E0883178859CF002B348A /* src */ = {
			isa = PBXGroup;
			children = (
				D1A2958A180C649A00E84E5E /* CustomSampler.cpp */,
				D1A2958B180C649A00E84E5E /* CustomSampler.h */,
				D1A2958C180C649A00E84E5E /* FileWave.cpp */,
				D1A2958D180C649A00E84E5E /* FileWave.h */,
				D1A2958E180C649A00E84E5E /* main.cpp */,
				D1A2958F180C649A00E84E5E /* Overdrive.cpp */,
				D1A29590180C649A00E84E5E /* Overdrive.h */,
				D1A29591180C649A00E84E5E /* SampleInstrument.cpp */,
				D1A29592180C649A00E84E5E /* SampleInstrument.h */,
				D1A29593180C649A00E84E5E /* VolumeSine.cpp */,
				D1A29594180C649A00E84E5E /* VolumeSine.h */,
				D1A2959D180C74BC00E84E5E /* test.score */,
			);
			name = src;
			path = Test;
			sourceTree = "<group>";
		};
/* End PBXGroup section */

/* Begin PBXNativeTarget section */
		D11E0880178859CF002B348A /* steeringwheel */ = {
			isa = PBXNativeTarget;
			buildConfigurationList = D11E088A178859CF002B348A /* Build configuration list for PBXNativeTarget "steeringwheel" */;
			buildPhases = (
				D11E087D178859CF002B348A /* Sources */,
				D11E087E178859CF002B348A /* Frameworks */,
				D11E087F178859CF002B348A /* CopyFiles */,
			);
			buildRules = (
			);
			dependencies = (
			);
			name = steeringwheel;
			productName = Test;
			productReference = D11E0881178859CF002B348A /* steeringwheel */;
			productType = "com.apple.product-type.tool";
		};
/* End PBXNativeTarget section */

/* Begin PBXProject section */
		D11E0879178859CE002B348A /* Project object */ = {
			isa = PBXProject;
			attributes = {
				LastUpgradeCheck = 0460;
				ORGANIZATIONNAME = "Hannes Widmoser";
			};
			buildConfigurationList = D11E087C178859CE002B348A /* Build configuration list for PBXProject "steeringwheel" */;
			compatibilityVersion = "Xcode 3.2";
			developmentRegion = English;
			hasScannedForEncodings = 0;
			knownRegions = (
				en,
			);
			mainGroup = D11E0878178859CE002B348A;
			productRefGroup = D11E0882178859CF002B348A /* Products */;
			projectDirPath = "";
			projectRoot = "";
			targets = (
				D11E0880178859CF002B348A /* steeringwheel */,
			);
		};
/* End PBXProject section */

/* Begin PBXSourcesBuildPhase section */
		D11E087D178859CF002B348A /* Sources */ = {
			isa = PBXSourcesBuildPhase;
			buildActionMask = 2147483647;
			files = (
				D1A29595180C649A00E84E5E /* CustomSampler.cpp in Sources */,
				D1A29596180C649A00E84E5E /* FileWave.cpp in Sources */,
				D1A29597180C649A00E84E5E /* main.cpp in Sources */,
				D1A29598180C649A00E84E5E /* Overdrive.cpp in Sources */,
				D1A29599180C649A00E84E5E /* SampleInstrument.cpp in Sources */,
				D1A2959A180C649A00E84E5E /* VolumeSine.cpp in Sources */,
			);
			runOnlyForDeploymentPostprocessing = 0;
		};
/* End PBXSourcesBuildPhase section */

/* Begin XCBuildConfiguration section */
		D11E0888178859CF002B348A /* Debug */ = {
			isa = XCBuildConfiguration;
			buildSettings = {
				ALWAYS_SEARCH_USER_PATHS = NO;
				ARCHS = "$(ARCHS_STANDARD_64_BIT)";
				CLANG_CXX_LANGUAGE_STANDARD = "gnu++0x";
				CLANG_CXX_LIBRARY = "libc++";
				CLANG_WARN_CONSTANT_CONVERSION = YES;
				CLANG_WARN_EMPTY_BODY = YES;
				CLANG_WARN_ENUM_CONVERSION = YES;
				CLANG_WARN_INT_CONVERSION = YES;
				CLANG_WARN__DUPLICATE_METHOD_MATCH = YES;
				COPY_PHASE_STRIP = NO;
				GCC_C_LANGUAGE_STANDARD = gnu99;
				GCC_DYNAMIC_NO_PIC = NO;
				GCC_ENABLE_OBJC_EXCEPTIONS = YES;
				GCC_OPTIMIZATION_LEVEL = 0;
				GCC_PREPROCESSOR_DEFINITIONS = (
					"DEBUG=1",
					"$(inherited)",
				);
				GCC_SYMBOLS_PRIVATE_EXTERN = NO;
				GCC_WARN_64_TO_32_BIT_CONVERSION = YES;
				GCC_WARN_ABOUT_RETURN_TYPE = YES;
				GCC_WARN_UNINITIALIZED_AUTOS = YES;
				GCC_WARN_UNUSED_VARIABLE = YES;
				MACOSX_DEPLOYMENT_TARGET = 10.8;
				ONLY_ACTIVE_ARCH = YES;
				SDKROOT = macosx;
			};
			name = Debug;
		};
		D11E0889178859CF002B348A /* Release */ = {
			isa = XCBuildConfiguration;
			buildSettings = {
				ALWAYS_SEARCH_USER_PATHS = NO;
				ARCHS = "$(ARCHS_STANDARD_64_BIT)";
				CLANG_CXX_LANGUAGE_STANDARD = "gnu++0x";
				CLANG_CXX_LIBRARY = "libc++";
				CLANG_WARN_CONSTANT_CONVERSION = YES;
				CLANG_WARN_EMPTY_BODY = YES;
				CLANG_WARN_ENUM_CONVERSION = YES;
				CLANG_WARN_INT_CONVERSION = YES;
				CLANG_WARN__DUPLICATE_METHOD_MATCH = YES;
				COPY_PHASE_STRIP = YES;
				DEBUG_INFORMATION_FORMAT = "dwarf-with-dsym";
				GCC_C_LANGUAGE_STANDARD = gnu99;
				GCC_ENABLE_OBJC_EXCEPTIONS = YES;
				GCC_WARN_64_TO_32_BIT_CONVERSION = YES;
				GCC_WARN_ABOUT_RETURN_TYPE = YES;
				GCC_WARN_UNINITIALIZED_AUTOS = YES;
				GCC_WARN_UNUSED_VARIABLE = YES;
				MACOSX_DEPLOYMENT_TARGET = 10.8;
				SDKROOT = macosx;
			};
			name = Release;
		};
		D11E088B178859CF002B348A /* Debug */ = {
			isa = XCBuildConfiguration;
			buildSettings = {
				FRAMEWORK_SEARCH_PATHS = (
					"$(inherited)",
					"\"$(LOCAL_LIBRARY_DIR)\"",
					"\"$(SRCROOT)/../../../../../Library\"",
					"\"$(SYSTEM_APPS_DIR)/Xcode.app/Contents/Developer/Library/Frameworks\"",
				);
				GCC_PREPROCESSOR_DEFINITIONS = (
					"DEBUG=1",
					"$(inherited)",
					__OS_MACOSX__,
				);
				GCC_VERSION = com.apple.compilers.llvmgcc42;
				HEADER_SEARCH_PATHS = (
					../hidapi/hidapi,
					../allegro/include,
					../allegro/build/include,
					../allegro/addons/font,
					../allegro/addons/ttf,
					../allegro/addons/audio,
					../allegro/addons/primitives,
					"../stk-4.4.4/include",
				);
				LIBRARY_SEARCH_PATHS = (
					/usr/local/lib,
					"\"$(SRCROOT)/../stk-4.4.4/src\"",
				);
				PRODUCT_NAME = steeringwheel;
			};
			name = Debug;
		};
		D11E088C178859CF002B348A /* Release */ = {
			isa = XCBuildConfiguration;
			buildSettings = {
				FRAMEWORK_SEARCH_PATHS = (
					"$(inherited)",
					"\"$(LOCAL_LIBRARY_DIR)\"",
					"\"$(SRCROOT)/../../../../../Library\"",
					"\"$(SYSTEM_APPS_DIR)/Xcode.app/Contents/Developer/Library/Frameworks\"",
				);
				GCC_VERSION = com.apple.compilers.llvmgcc42;
				HEADER_SEARCH_PATHS = (
					../hidapi/hidapi,
					../allegro/include,
					../allegro/build/include,
					../allegro/addons/font,
					../allegro/addons/ttf,
					../allegro/addons/audio,
					../allegro/addons/primitives,
					"../stk-4.4.4/include",
				);
				LIBRARY_SEARCH_PATHS = (
					/usr/local/lib,
					"\"$(SRCROOT)/../stk-4.4.4/src\"",
				);
				PRODUCT_NAME = steeringwheel;
			};
			name = Release;
		};
/* End XCBuildConfiguration section */

/* Begin XCConfigurationList section */
		D11E087C178859CE002B348A /* Build configuration list for PBXProject "steeringwheel" */ = {
			isa = XCConfigurationList;
			buildConfigurations = (
				D11E0888178859CF002B348A /* Debug */,
				D11E0889178859CF002B348A /* Release */,
			);
			defaultConfigurationIsVisible = 0;
			defaultConfigurationName = Release;
		};
		D11E088A178859CF002B348A /* Build configuration list for PBXNativeTarget "steeringwheel" */ = {
			isa = XCConfigurationList;
			buildConfigurations = (
				D11E088B178859CF002B348A /* Debug */,
				D11E088C178859CF002B348A /* Release */,
			);
			defaultConfigurationIsVisible = 0;
			defaultConfigurationName = Release;
		};
/* End XCConfigurationList section */
	};
	rootObject = D11E0879178859CE002B348A /* Project object */;
}
